
Microsoft Visual Studio Solution File, Format Version 12.00
# Visual Studio Version 17
VisualStudioVersion = 17.0.32002.185
MinimumVisualStudioVersion = 10.0.40219.1
Project("{2150E333-8FDC-42A3-9474-1A3956D46DE8}") = "Libraries", "Libraries", "{E4ACA93B-D3DE-4557-B069-F1DB42925A4B}"
EndProject
Project("{2150E333-8FDC-42A3-9474-1A3956D46DE8}") = "Presentation", "Presentation", "{B09156FB-8291-46A2-AF37-67CE97CFB5A6}"
EndProject
Project("{2150E333-8FDC-42A3-9474-1A3956D46DE8}") = "Plugins", "Plugins", "{7881B112-7843-4542-B1F7-F99553FB9BB7}"
EndProject
Project("{9A19103F-16F7-4668-BE54-9A1E7A4F7556}") = "Nop.Web", "Presentation\Nop.Web\Nop.Web.csproj", "{4F1F649C-1020-45BE-A487-F416D9297FF3}"
EndProject
Project("{9A19103F-16F7-4668-BE54-9A1E7A4F7556}") = "Nop.Core", "Libraries\Nop.Core\Nop.Core.csproj", "{6BDA8332-939F-45B7-A25E-7A797260AE59}"
EndProject
Project("{9A19103F-16F7-4668-BE54-9A1E7A4F7556}") = "Nop.Data", "Libraries\Nop.Data\Nop.Data.csproj", "{CCD7F2C9-6A2C-4CF0-8E89-076B8FC0F144}"
EndProject
Project("{9A19103F-16F7-4668-BE54-9A1E7A4F7556}") = "Nop.Services", "Libraries\Nop.Services\Nop.Services.csproj", "{210541AD-F659-47DA-8763-16F36C5CD2F4}"
EndProject
Project("{9A19103F-16F7-4668-BE54-9A1E7A4F7556}") = "Nop.Web.Framework", "Presentation\Nop.Web.Framework\Nop.Web.Framework.csproj", "{75FD4163-333C-4DD5-854D-2EF294E45D94}"
EndProject
Project("{2150E333-8FDC-42A3-9474-1A3956D46DE8}") = "Tests", "Tests", "{E8FC6874-E230-468A-9685-4747354B92FF}"
EndProject
Project("{9A19103F-16F7-4668-BE54-9A1E7A4F7556}") = "Nop.Tests", "Tests\Nop.Tests\Nop.Tests.csproj", "{FD31C133-B4DE-4BB2-B327-1D0E2F2C95D4}"
EndProject
Project("{9A19103F-16F7-4668-BE54-9A1E7A4F7556}") = "Nop.Plugin.Misc.NopHunter.VendorRegistration", "Plugins\Nop.Plugin.Misc.NopHunter.VendorRegistration\Nop.Plugin.Misc.NopHunter.VendorRegistration.csproj", "{659B6BD9-22AB-41D7-B8B3-A90BFE0CDB74}"
EndProject
Project("{9A19103F-16F7-4668-BE54-9A1E7A4F7556}") = "Nop.Plugin.Misc.NopHunter.LiveChat", "Plugins\Nop.Plugin.Misc.NopHunter.LiveChat\Nop.Plugin.Misc.NopHunter.LiveChat.csproj", "{5AB9B413-0134-491F-A680-B777E0F02319}"
EndProject
Project("{9A19103F-16F7-4668-BE54-9A1E7A4F7556}") = "Nop.Plugin.Misc.NopHunter.ImageToWebp", "Plugins\Nop.Plugin.Misc.NopHunter.ImageToWebp\Nop.Plugin.Misc.NopHunter.ImageToWebp.csproj", "{30D8000E-AE82-4E56-B7C0-BD98E891EFDF}"
EndProject
Project("{9A19103F-16F7-4668-BE54-9A1E7A4F7556}") = "Nop.Plugin.Misc.ProductDemoLink", "Plugins\Nop.Plugin.Misc.ProductDemoLink\Nop.Plugin.Misc.ProductDemoLink.csproj", "{0C380CEF-5B69-4DC8-87D0-08E28E2CA71B}"
EndProject
Project("{9A19103F-16F7-4668-BE54-9A1E7A4F7556}") = "Nop.Plugin.Misc.ProductLiveButton", "Plugins\Nop.Plugin.Misc.ProductLiveButton\Nop.Plugin.Misc.ProductLiveButton.csproj", "{4CBF7F9F-C8AD-44E7-A10C-F8665AB8F6E7}"
EndProject
Project("{9A19103F-16F7-4668-BE54-9A1E7A4F7556}") = "Nop.Plugin.DiscountRules.CustomerRoles", "Plugins\Nop.Plugin.DiscountRules.CustomerRoles\Nop.Plugin.DiscountRules.CustomerRoles.csproj", "{DAA38EBD-5D49-4FDE-8F0E-1506C6CF63F2}"
EndProject
Project("{9A19103F-16F7-4668-BE54-9A1E7A4F7556}") = "Nop.Plugin.ExchangeRate.EcbExchange", "Plugins\Nop.Plugin.ExchangeRate.EcbExchange\Nop.Plugin.ExchangeRate.EcbExchange.csproj", "{A36B2B13-8438-421E-85CE-1777E1CC7444}"
EndProject
Project("{9A19103F-16F7-4668-BE54-9A1E7A4F7556}") = "Nop.Plugin.ExternalAuth.Facebook", "Plugins\Nop.Plugin.ExternalAuth.Facebook\Nop.Plugin.ExternalAuth.Facebook.csproj", "{0086FFF0-B32E-4306-9BA3-26264300BE33}"
EndProject
Project("{9A19103F-16F7-4668-BE54-9A1E7A4F7556}") = "Nop.Plugin.Misc.Brevo", "Plugins\Nop.Plugin.Misc.Brevo\Nop.Plugin.Misc.Brevo.csproj", "{6FBC87DC-2B40-43D1-8CC9-3EB3C5B7902E}"
EndProject
Project("{9A19103F-16F7-4668-BE54-9A1E7A4F7556}") = "Nop.Plugin.Misc.NopMobileApp", "Plugins\Nop.Plugin.Misc.NopMobileApp\Nop.Plugin.Misc.NopMobileApp.csproj", "{C6E9777B-E2D3-4EB2-B8A6-9B4187890F97}"
EndProject
Project("{9A19103F-16F7-4668-BE54-9A1E7A4F7556}") = "Nop.Plugin.Misc.Omnisend", "Plugins\Nop.Plugin.Misc.Omnisend\Nop.Plugin.Misc.Omnisend.csproj", "{7A2A3DCF-26CA-436F-AB3B-FEC4E409713E}"
EndProject
Project("{9A19103F-16F7-4668-BE54-9A1E7A4F7556}") = "Nop.Plugin.Misc.WebApi.Frontend", "Plugins\Nop.Plugin.Misc.WebApi.Frontend\Nop.Plugin.Misc.WebApi.Frontend.csproj", "{75031341-FB75-427A-8A2A-619FE602BBB0}"
EndProject
Project("{9A19103F-16F7-4668-BE54-9A1E7A4F7556}") = "Nop.Plugin.Misc.Zettle", "Plugins\Nop.Plugin.Misc.Zettle\Nop.Plugin.Misc.Zettle.csproj", "{C6A15E8C-CFB7-4FF7-ADA1-958DC6596B61}"
EndProject
Project("{9A19103F-16F7-4668-BE54-9A1E7A4F7556}") = "Nop.Plugin.MultiFactorAuth.GoogleAuthenticator", "Plugins\Nop.Plugin.MultiFactorAuth.GoogleAuthenticator\Nop.Plugin.MultiFactorAuth.GoogleAuthenticator.csproj", "{63D35A3C-7EF9-46D4-8832-4FED38E77A27}"
EndProject
Project("{9A19103F-16F7-4668-BE54-9A1E7A4F7556}") = "Nop.Plugin.Payments.AmazonPay", "Plugins\Nop.Plugin.Payments.AmazonPay\Nop.Plugin.Payments.AmazonPay.csproj", "{54807321-E3FA-4212-B50B-11342D286B62}"
EndProject
Project("{9A19103F-16F7-4668-BE54-9A1E7A4F7556}") = "Nop.Plugin.Payments.CheckMoneyOrder", "Plugins\Nop.Plugin.Payments.CheckMoneyOrder\Nop.Plugin.Payments.CheckMoneyOrder.csproj", "{E2602054-3792-452F-940E-4FF196CADB44}"
EndProject
Project("{9A19103F-16F7-4668-BE54-9A1E7A4F7556}") = "Nop.Plugin.Payments.Manual", "Plugins\Nop.Plugin.Payments.Manual\Nop.Plugin.Payments.Manual.csproj", "{334C1B4D-5B78-4824-9D17-46E12DE9188B}"
EndProject
Project("{9A19103F-16F7-4668-BE54-9A1E7A4F7556}") = "Nop.Plugin.Payments.PayPalCommerce", "Plugins\Nop.Plugin.Payments.PayPalCommerce\Nop.Plugin.Payments.PayPalCommerce.csproj", "{18887E96-A678-432C-B5FF-548C8AF88260}"
EndProject
Project("{9A19103F-16F7-4668-BE54-9A1E7A4F7556}") = "Nop.Plugin.Pickup.PickupInStore", "Plugins\Nop.Plugin.Pickup.PickupInStore\Nop.Plugin.Pickup.PickupInStore.csproj", "{30A61C67-B0DC-4395-9C16-17B82AC3C1AB}"
EndProject
Project("{9A19103F-16F7-4668-BE54-9A1E7A4F7556}") = "Nop.Plugin.Shipping.FixedByWeightByTotal", "Plugins\Nop.Plugin.Shipping.FixedByWeightByTotal\Nop.Plugin.Shipping.FixedByWeightByTotal.csproj", "{41CC844B-BBE0-4A9D-A71C-BF11C9AF1A2C}"
EndProject
Project("{9A19103F-16F7-4668-BE54-9A1E7A4F7556}") = "Nop.Plugin.Shipping.UPS", "Plugins\Nop.Plugin.Shipping.UPS\Nop.Plugin.Shipping.UPS.csproj", "{472E59EE-2C30-4992-A915-37B996264AB7}"
EndProject
Project("{9A19103F-16F7-4668-BE54-9A1E7A4F7556}") = "Nop.Plugin.Tax.Avalara", "Plugins\Nop.Plugin.Tax.Avalara\Nop.Plugin.Tax.Avalara.csproj", "{6A61F757-D540-4D31-9D2A-BF3C51A5B0EC}"
EndProject
Project("{9A19103F-16F7-4668-BE54-9A1E7A4F7556}") = "Nop.Plugin.Tax.FixedOrByCountryStateZip", "Plugins\Nop.Plugin.Tax.FixedOrByCountryStateZip\Nop.Plugin.Tax.FixedOrByCountryStateZip.csproj", "{2AB4CB22-831E-4A0D-90C0-11D7FA522E7A}"
EndProject
Project("{9A19103F-16F7-4668-BE54-9A1E7A4F7556}") = "Nop.Plugin.Widgets.FacebookPixel", "Plugins\Nop.Plugin.Widgets.FacebookPixel\Nop.Plugin.Widgets.FacebookPixel.csproj", "{07B67A42-7409-4A01-9B8B-E75410CED71C}"
EndProject
Project("{9A19103F-16F7-4668-BE54-9A1E7A4F7556}") = "Nop.Plugin.Widgets.GoogleAnalytics", "Plugins\Nop.Plugin.Widgets.GoogleAnalytics\Nop.Plugin.Widgets.GoogleAnalytics.csproj", "{77BB6EC0-E606-4118-BE6A-B779618919B5}"
EndProject
Project("{9A19103F-16F7-4668-BE54-9A1E7A4F7556}") = "Nop.Plugin.Widgets.NivoSlider", "Plugins\Nop.Plugin.Widgets.NivoSlider\Nop.Plugin.Widgets.NivoSlider.csproj", "{E6AF65B5-6009-4272-9E82-1D523F25B4C3}"
EndProject
Project("{9A19103F-16F7-4668-BE54-9A1E7A4F7556}") = "Nop.Plugin.Widgets.What3words", "Plugins\Nop.Plugin.Widgets.What3words\Nop.Plugin.Widgets.What3words.csproj", "{11C028BD-D3AA-4173-ADAD-E12D94EF1B46}"
EndProject
Project("{9A19103F-16F7-4668-BE54-9A1E7A4F7556}") = "Nop.Plugin.Misc.NopSolution.ProductTab", "Plugins\Nop.Plugin.Misc.NopSolution.ProductTab\Nop.Plugin.Misc.NopSolution.ProductTab.csproj", "{AD473A4A-0FA1-47E5-A6B2-E212726E2062}"
EndProject
Project("{9A19103F-16F7-4668-BE54-9A1E7A4F7556}") = "Nop.Plugin.Misc.NopSolution.Core", "Plugins\Nop.Plugin.Misc.NopSolution.Core\Nop.Plugin.Misc.NopSolution.Core.csproj", "{69B214C6-828D-4997-9979-873D797A645D}"
EndProject
Global
	GlobalSection(SolutionConfigurationPlatforms) = preSolution
		Debug|Any CPU = Debug|Any CPU
		Debug|Mixed Platforms = Debug|Mixed Platforms
		Debug|x86 = Debug|x86
		Release|Any CPU = Release|Any CPU
		Release|Mixed Platforms = Release|Mixed Platforms
		Release|x86 = Release|x86
	EndGlobalSection
	GlobalSection(ProjectConfigurationPlatforms) = postSolution
		{4F1F649C-1020-45BE-A487-F416D9297FF3}.Debug|Any CPU.ActiveCfg = Debug|Any CPU
		{4F1F649C-1020-45BE-A487-F416D9297FF3}.Debug|Any CPU.Build.0 = Debug|Any CPU
		{4F1F649C-1020-45BE-A487-F416D9297FF3}.Debug|Mixed Platforms.ActiveCfg = Debug|Any CPU
		{4F1F649C-1020-45BE-A487-F416D9297FF3}.Debug|Mixed Platforms.Build.0 = Debug|Any CPU
		{4F1F649C-1020-45BE-A487-F416D9297FF3}.Debug|x86.ActiveCfg = Debug|Any CPU
		{4F1F649C-1020-45BE-A487-F416D9297FF3}.Release|Any CPU.ActiveCfg = Release|Any CPU
		{4F1F649C-1020-45BE-A487-F416D9297FF3}.Release|Any CPU.Build.0 = Release|Any CPU
		{4F1F649C-1020-45BE-A487-F416D9297FF3}.Release|Mixed Platforms.ActiveCfg = Release|Any CPU
		{4F1F649C-1020-45BE-A487-F416D9297FF3}.Release|Mixed Platforms.Build.0 = Release|Any CPU
		{4F1F649C-1020-45BE-A487-F416D9297FF3}.Release|x86.ActiveCfg = Release|Any CPU
		{6BDA8332-939F-45B7-A25E-7A797260AE59}.Debug|Any CPU.ActiveCfg = Debug|Any CPU
		{6BDA8332-939F-45B7-A25E-7A797260AE59}.Debug|Any CPU.Build.0 = Debug|Any CPU
		{6BDA8332-939F-45B7-A25E-7A797260AE59}.Debug|Mixed Platforms.ActiveCfg = Debug|Any CPU
		{6BDA8332-939F-45B7-A25E-7A797260AE59}.Debug|Mixed Platforms.Build.0 = Debug|Any CPU
		{6BDA8332-939F-45B7-A25E-7A797260AE59}.Debug|x86.ActiveCfg = Debug|Any CPU
		{6BDA8332-939F-45B7-A25E-7A797260AE59}.Release|Any CPU.ActiveCfg = Release|Any CPU
		{6BDA8332-939F-45B7-A25E-7A797260AE59}.Release|Any CPU.Build.0 = Release|Any CPU
		{6BDA8332-939F-45B7-A25E-7A797260AE59}.Release|Mixed Platforms.ActiveCfg = Release|Any CPU
		{6BDA8332-939F-45B7-A25E-7A797260AE59}.Release|Mixed Platforms.Build.0 = Release|Any CPU
		{6BDA8332-939F-45B7-A25E-7A797260AE59}.Release|x86.ActiveCfg = Release|Any CPU
		{CCD7F2C9-6A2C-4CF0-8E89-076B8FC0F144}.Debug|Any CPU.ActiveCfg = Debug|Any CPU
		{CCD7F2C9-6A2C-4CF0-8E89-076B8FC0F144}.Debug|Any CPU.Build.0 = Debug|Any CPU
		{CCD7F2C9-6A2C-4CF0-8E89-076B8FC0F144}.Debug|Mixed Platforms.ActiveCfg = Debug|Any CPU
		{CCD7F2C9-6A2C-4CF0-8E89-076B8FC0F144}.Debug|Mixed Platforms.Build.0 = Debug|Any CPU
		{CCD7F2C9-6A2C-4CF0-8E89-076B8FC0F144}.Debug|x86.ActiveCfg = Debug|Any CPU
		{CCD7F2C9-6A2C-4CF0-8E89-076B8FC0F144}.Release|Any CPU.ActiveCfg = Release|Any CPU
		{CCD7F2C9-6A2C-4CF0-8E89-076B8FC0F144}.Release|Any CPU.Build.0 = Release|Any CPU
		{CCD7F2C9-6A2C-4CF0-8E89-076B8FC0F144}.Release|Mixed Platforms.ActiveCfg = Release|Any CPU
		{CCD7F2C9-6A2C-4CF0-8E89-076B8FC0F144}.Release|Mixed Platforms.Build.0 = Release|Any CPU
		{CCD7F2C9-6A2C-4CF0-8E89-076B8FC0F144}.Release|x86.ActiveCfg = Release|Any CPU
		{210541AD-F659-47DA-8763-16F36C5CD2F4}.Debug|Any CPU.ActiveCfg = Debug|Any CPU
		{210541AD-F659-47DA-8763-16F36C5CD2F4}.Debug|Any CPU.Build.0 = Debug|Any CPU
		{210541AD-F659-47DA-8763-16F36C5CD2F4}.Debug|Mixed Platforms.ActiveCfg = Debug|Any CPU
		{210541AD-F659-47DA-8763-16F36C5CD2F4}.Debug|Mixed Platforms.Build.0 = Debug|Any CPU
		{210541AD-F659-47DA-8763-16F36C5CD2F4}.Debug|x86.ActiveCfg = Debug|Any CPU
		{210541AD-F659-47DA-8763-16F36C5CD2F4}.Release|Any CPU.ActiveCfg = Release|Any CPU
		{210541AD-F659-47DA-8763-16F36C5CD2F4}.Release|Any CPU.Build.0 = Release|Any CPU
		{210541AD-F659-47DA-8763-16F36C5CD2F4}.Release|Mixed Platforms.ActiveCfg = Release|Any CPU
		{210541AD-F659-47DA-8763-16F36C5CD2F4}.Release|Mixed Platforms.Build.0 = Release|Any CPU
		{210541AD-F659-47DA-8763-16F36C5CD2F4}.Release|x86.ActiveCfg = Release|Any CPU
		{75FD4163-333C-4DD5-854D-2EF294E45D94}.Debug|Any CPU.ActiveCfg = Debug|Any CPU
		{75FD4163-333C-4DD5-854D-2EF294E45D94}.Debug|Any CPU.Build.0 = Debug|Any CPU
		{75FD4163-333C-4DD5-854D-2EF294E45D94}.Debug|Mixed Platforms.ActiveCfg = Debug|Any CPU
		{75FD4163-333C-4DD5-854D-2EF294E45D94}.Debug|Mixed Platforms.Build.0 = Debug|Any CPU
		{75FD4163-333C-4DD5-854D-2EF294E45D94}.Debug|x86.ActiveCfg = Debug|Any CPU
		{75FD4163-333C-4DD5-854D-2EF294E45D94}.Release|Any CPU.ActiveCfg = Release|Any CPU
		{75FD4163-333C-4DD5-854D-2EF294E45D94}.Release|Any CPU.Build.0 = Release|Any CPU
		{75FD4163-333C-4DD5-854D-2EF294E45D94}.Release|Mixed Platforms.ActiveCfg = Release|Any CPU
		{75FD4163-333C-4DD5-854D-2EF294E45D94}.Release|Mixed Platforms.Build.0 = Release|Any CPU
		{75FD4163-333C-4DD5-854D-2EF294E45D94}.Release|x86.ActiveCfg = Release|Any CPU
		{FD31C133-B4DE-4BB2-B327-1D0E2F2C95D4}.Debug|Any CPU.ActiveCfg = Debug|Any CPU
		{FD31C133-B4DE-4BB2-B327-1D0E2F2C95D4}.Debug|Any CPU.Build.0 = Debug|Any CPU
		{FD31C133-B4DE-4BB2-B327-1D0E2F2C95D4}.Debug|Mixed Platforms.ActiveCfg = Debug|Any CPU
		{FD31C133-B4DE-4BB2-B327-1D0E2F2C95D4}.Debug|Mixed Platforms.Build.0 = Debug|Any CPU
		{FD31C133-B4DE-4BB2-B327-1D0E2F2C95D4}.Debug|x86.ActiveCfg = Debug|Any CPU
		{FD31C133-B4DE-4BB2-B327-1D0E2F2C95D4}.Debug|x86.Build.0 = Debug|Any CPU
		{FD31C133-B4DE-4BB2-B327-1D0E2F2C95D4}.Release|Any CPU.ActiveCfg = Release|Any CPU
		{FD31C133-B4DE-4BB2-B327-1D0E2F2C95D4}.Release|Any CPU.Build.0 = Release|Any CPU
		{FD31C133-B4DE-4BB2-B327-1D0E2F2C95D4}.Release|Mixed Platforms.ActiveCfg = Release|Any CPU
		{FD31C133-B4DE-4BB2-B327-1D0E2F2C95D4}.Release|Mixed Platforms.Build.0 = Release|Any CPU
		{FD31C133-B4DE-4BB2-B327-1D0E2F2C95D4}.Release|x86.ActiveCfg = Release|Any CPU
		{FD31C133-B4DE-4BB2-B327-1D0E2F2C95D4}.Release|x86.Build.0 = Release|Any CPU
		{659B6BD9-22AB-41D7-B8B3-A90BFE0CDB74}.Debug|Any CPU.ActiveCfg = Debug|Any CPU
		{659B6BD9-22AB-41D7-B8B3-A90BFE0CDB74}.Debug|Any CPU.Build.0 = Debug|Any CPU
		{659B6BD9-22AB-41D7-B8B3-A90BFE0CDB74}.Debug|Mixed Platforms.ActiveCfg = Debug|Any CPU
		{659B6BD9-22AB-41D7-B8B3-A90BFE0CDB74}.Debug|Mixed Platforms.Build.0 = Debug|Any CPU
		{659B6BD9-22AB-41D7-B8B3-A90BFE0CDB74}.Debug|x86.ActiveCfg = Debug|Any CPU
		{659B6BD9-22AB-41D7-B8B3-A90BFE0CDB74}.Debug|x86.Build.0 = Debug|Any CPU
		{659B6BD9-22AB-41D7-B8B3-A90BFE0CDB74}.Release|Any CPU.ActiveCfg = Release|Any CPU
		{659B6BD9-22AB-41D7-B8B3-A90BFE0CDB74}.Release|Any CPU.Build.0 = Release|Any CPU
		{659B6BD9-22AB-41D7-B8B3-A90BFE0CDB74}.Release|Mixed Platforms.ActiveCfg = Release|Any CPU
		{659B6BD9-22AB-41D7-B8B3-A90BFE0CDB74}.Release|Mixed Platforms.Build.0 = Release|Any CPU
		{659B6BD9-22AB-41D7-B8B3-A90BFE0CDB74}.Release|x86.ActiveCfg = Release|Any CPU
		{659B6BD9-22AB-41D7-B8B3-A90BFE0CDB74}.Release|x86.Build.0 = Release|Any CPU
		{5AB9B413-0134-491F-A680-B777E0F02319}.Debug|Any CPU.ActiveCfg = Debug|Any CPU
		{5AB9B413-0134-491F-A680-B777E0F02319}.Debug|Any CPU.Build.0 = Debug|Any CPU
		{5AB9B413-0134-491F-A680-B777E0F02319}.Debug|Mixed Platforms.ActiveCfg = Debug|Any CPU
		{5AB9B413-0134-491F-A680-B777E0F02319}.Debug|Mixed Platforms.Build.0 = Debug|Any CPU
		{5AB9B413-0134-491F-A680-B777E0F02319}.Debug|x86.ActiveCfg = Debug|Any CPU
		{5AB9B413-0134-491F-A680-B777E0F02319}.Debug|x86.Build.0 = Debug|Any CPU
		{5AB9B413-0134-491F-A680-B777E0F02319}.Release|Any CPU.ActiveCfg = Release|Any CPU
		{5AB9B413-0134-491F-A680-B777E0F02319}.Release|Any CPU.Build.0 = Release|Any CPU
		{5AB9B413-0134-491F-A680-B777E0F02319}.Release|Mixed Platforms.ActiveCfg = Release|Any CPU
		{5AB9B413-0134-491F-A680-B777E0F02319}.Release|Mixed Platforms.Build.0 = Release|Any CPU
		{5AB9B413-0134-491F-A680-B777E0F02319}.Release|x86.ActiveCfg = Release|Any CPU
		{5AB9B413-0134-491F-A680-B777E0F02319}.Release|x86.Build.0 = Release|Any CPU
		{30D8000E-AE82-4E56-B7C0-BD98E891EFDF}.Debug|Any CPU.ActiveCfg = Debug|Any CPU
		{30D8000E-AE82-4E56-B7C0-BD98E891EFDF}.Debug|Any CPU.Build.0 = Debug|Any CPU
		{30D8000E-AE82-4E56-B7C0-BD98E891EFDF}.Debug|Mixed Platforms.ActiveCfg = Debug|Any CPU
		{30D8000E-AE82-4E56-B7C0-BD98E891EFDF}.Debug|Mixed Platforms.Build.0 = Debug|Any CPU
		{30D8000E-AE82-4E56-B7C0-BD98E891EFDF}.Debug|x86.ActiveCfg = Debug|Any CPU
		{30D8000E-AE82-4E56-B7C0-BD98E891EFDF}.Debug|x86.Build.0 = Debug|Any CPU
		{30D8000E-AE82-4E56-B7C0-BD98E891EFDF}.Release|Any CPU.ActiveCfg = Release|Any CPU
		{30D8000E-AE82-4E56-B7C0-BD98E891EFDF}.Release|Any CPU.Build.0 = Release|Any CPU
		{30D8000E-AE82-4E56-B7C0-BD98E891EFDF}.Release|Mixed Platforms.ActiveCfg = Release|Any CPU
		{30D8000E-AE82-4E56-B7C0-BD98E891EFDF}.Release|Mixed Platforms.Build.0 = Release|Any CPU
		{30D8000E-AE82-4E56-B7C0-BD98E891EFDF}.Release|x86.ActiveCfg = Release|Any CPU
		{30D8000E-AE82-4E56-B7C0-BD98E891EFDF}.Release|x86.Build.0 = Release|Any CPU
		{0C380CEF-5B69-4DC8-87D0-08E28E2CA71B}.Debug|Any CPU.ActiveCfg = Debug|Any CPU
		{0C380CEF-5B69-4DC8-87D0-08E28E2CA71B}.Debug|Any CPU.Build.0 = Debug|Any CPU
		{0C380CEF-5B69-4DC8-87D0-08E28E2CA71B}.Debug|Mixed Platforms.ActiveCfg = Debug|Any CPU
		{0C380CEF-5B69-4DC8-87D0-08E28E2CA71B}.Debug|Mixed Platforms.Build.0 = Debug|Any CPU
		{0C380CEF-5B69-4DC8-87D0-08E28E2CA71B}.Debug|x86.ActiveCfg = Debug|Any CPU
		{0C380CEF-5B69-4DC8-87D0-08E28E2CA71B}.Debug|x86.Build.0 = Debug|Any CPU
		{0C380CEF-5B69-4DC8-87D0-08E28E2CA71B}.Release|Any CPU.ActiveCfg = Release|Any CPU
		{0C380CEF-5B69-4DC8-87D0-08E28E2CA71B}.Release|Any CPU.Build.0 = Release|Any CPU
		{0C380CEF-5B69-4DC8-87D0-08E28E2CA71B}.Release|Mixed Platforms.ActiveCfg = Release|Any CPU
		{0C380CEF-5B69-4DC8-87D0-08E28E2CA71B}.Release|Mixed Platforms.Build.0 = Release|Any CPU
		{0C380CEF-5B69-4DC8-87D0-08E28E2CA71B}.Release|x86.ActiveCfg = Release|Any CPU
		{0C380CEF-5B69-4DC8-87D0-08E28E2CA71B}.Release|x86.Build.0 = Release|Any CPU
		{4CBF7F9F-C8AD-44E7-A10C-F8665AB8F6E7}.Debug|Any CPU.ActiveCfg = Debug|Any CPU
		{4CBF7F9F-C8AD-44E7-A10C-F8665AB8F6E7}.Debug|Any CPU.Build.0 = Debug|Any CPU
		{4CBF7F9F-C8AD-44E7-A10C-F8665AB8F6E7}.Debug|Mixed Platforms.ActiveCfg = Debug|Any CPU
		{4CBF7F9F-C8AD-44E7-A10C-F8665AB8F6E7}.Debug|Mixed Platforms.Build.0 = Debug|Any CPU
		{4CBF7F9F-C8AD-44E7-A10C-F8665AB8F6E7}.Debug|x86.ActiveCfg = Debug|Any CPU
		{4CBF7F9F-C8AD-44E7-A10C-F8665AB8F6E7}.Debug|x86.Build.0 = Debug|Any CPU
		{4CBF7F9F-C8AD-44E7-A10C-F8665AB8F6E7}.Release|Any CPU.ActiveCfg = Release|Any CPU
		{4CBF7F9F-C8AD-44E7-A10C-F8665AB8F6E7}.Release|Any CPU.Build.0 = Release|Any CPU
		{4CBF7F9F-C8AD-44E7-A10C-F8665AB8F6E7}.Release|Mixed Platforms.ActiveCfg = Release|Any CPU
		{4CBF7F9F-C8AD-44E7-A10C-F8665AB8F6E7}.Release|Mixed Platforms.Build.0 = Release|Any CPU
		{4CBF7F9F-C8AD-44E7-A10C-F8665AB8F6E7}.Release|x86.ActiveCfg = Release|Any CPU
		{4CBF7F9F-C8AD-44E7-A10C-F8665AB8F6E7}.Release|x86.Build.0 = Release|Any CPU
		{DAA38EBD-5D49-4FDE-8F0E-1506C6CF63F2}.Debug|Any CPU.ActiveCfg = Debug|Any CPU
		{DAA38EBD-5D49-4FDE-8F0E-1506C6CF63F2}.Debug|Any CPU.Build.0 = Debug|Any CPU
		{DAA38EBD-5D49-4FDE-8F0E-1506C6CF63F2}.Debug|Mixed Platforms.ActiveCfg = Debug|Any CPU
		{DAA38EBD-5D49-4FDE-8F0E-1506C6CF63F2}.Debug|Mixed Platforms.Build.0 = Debug|Any CPU
		{DAA38EBD-5D49-4FDE-8F0E-1506C6CF63F2}.Debug|x86.ActiveCfg = Debug|Any CPU
		{DAA38EBD-5D49-4FDE-8F0E-1506C6CF63F2}.Debug|x86.Build.0 = Debug|Any CPU
		{DAA38EBD-5D49-4FDE-8F0E-1506C6CF63F2}.Release|Any CPU.ActiveCfg = Release|Any CPU
		{DAA38EBD-5D49-4FDE-8F0E-1506C6CF63F2}.Release|Any CPU.Build.0 = Release|Any CPU
		{DAA38EBD-5D49-4FDE-8F0E-1506C6CF63F2}.Release|Mixed Platforms.ActiveCfg = Release|Any CPU
		{DAA38EBD-5D49-4FDE-8F0E-1506C6CF63F2}.Release|Mixed Platforms.Build.0 = Release|Any CPU
		{DAA38EBD-5D49-4FDE-8F0E-1506C6CF63F2}.Release|x86.ActiveCfg = Release|Any CPU
		{DAA38EBD-5D49-4FDE-8F0E-1506C6CF63F2}.Release|x86.Build.0 = Release|Any CPU
		{A36B2B13-8438-421E-85CE-1777E1CC7444}.Debug|Any CPU.ActiveCfg = Debug|Any CPU
		{A36B2B13-8438-421E-85CE-1777E1CC7444}.Debug|Any CPU.Build.0 = Debug|Any CPU
		{A36B2B13-8438-421E-85CE-1777E1CC7444}.Debug|Mixed Platforms.ActiveCfg = Debug|Any CPU
		{A36B2B13-8438-421E-85CE-1777E1CC7444}.Debug|Mixed Platforms.Build.0 = Debug|Any CPU
		{A36B2B13-8438-421E-85CE-1777E1CC7444}.Debug|x86.ActiveCfg = Debug|Any CPU
		{A36B2B13-8438-421E-85CE-1777E1CC7444}.Debug|x86.Build.0 = Debug|Any CPU
		{A36B2B13-8438-421E-85CE-1777E1CC7444}.Release|Any CPU.ActiveCfg = Release|Any CPU
		{A36B2B13-8438-421E-85CE-1777E1CC7444}.Release|Any CPU.Build.0 = Release|Any CPU
		{A36B2B13-8438-421E-85CE-1777E1CC7444}.Release|Mixed Platforms.ActiveCfg = Release|Any CPU
		{A36B2B13-8438-421E-85CE-1777E1CC7444}.Release|Mixed Platforms.Build.0 = Release|Any CPU
		{A36B2B13-8438-421E-85CE-1777E1CC7444}.Release|x86.ActiveCfg = Release|Any CPU
		{A36B2B13-8438-421E-85CE-1777E1CC7444}.Release|x86.Build.0 = Release|Any CPU
		{0086FFF0-B32E-4306-9BA3-26264300BE33}.Debug|Any CPU.ActiveCfg = Debug|Any CPU
		{0086FFF0-B32E-4306-9BA3-26264300BE33}.Debug|Any CPU.Build.0 = Debug|Any CPU
		{0086FFF0-B32E-4306-9BA3-26264300BE33}.Debug|Mixed Platforms.ActiveCfg = Debug|Any CPU
		{0086FFF0-B32E-4306-9BA3-26264300BE33}.Debug|Mixed Platforms.Build.0 = Debug|Any CPU
		{0086FFF0-B32E-4306-9BA3-26264300BE33}.Debug|x86.ActiveCfg = Debug|Any CPU
		{0086FFF0-B32E-4306-9BA3-26264300BE33}.Debug|x86.Build.0 = Debug|Any CPU
		{0086FFF0-B32E-4306-9BA3-26264300BE33}.Release|Any CPU.ActiveCfg = Release|Any CPU
		{0086FFF0-B32E-4306-9BA3-26264300BE33}.Release|Any CPU.Build.0 = Release|Any CPU
		{0086FFF0-B32E-4306-9BA3-26264300BE33}.Release|Mixed Platforms.ActiveCfg = Release|Any CPU
		{0086FFF0-B32E-4306-9BA3-26264300BE33}.Release|Mixed Platforms.Build.0 = Release|Any CPU
		{0086FFF0-B32E-4306-9BA3-26264300BE33}.Release|x86.ActiveCfg = Release|Any CPU
		{0086FFF0-B32E-4306-9BA3-26264300BE33}.Release|x86.Build.0 = Release|Any CPU
		{6FBC87DC-2B40-43D1-8CC9-3EB3C5B7902E}.Debug|Any CPU.ActiveCfg = Debug|Any CPU
		{6FBC87DC-2B40-43D1-8CC9-3EB3C5B7902E}.Debug|Any CPU.Build.0 = Debug|Any CPU
		{6FBC87DC-2B40-43D1-8CC9-3EB3C5B7902E}.Debug|Mixed Platforms.ActiveCfg = Debug|Any CPU
		{6FBC87DC-2B40-43D1-8CC9-3EB3C5B7902E}.Debug|Mixed Platforms.Build.0 = Debug|Any CPU
		{6FBC87DC-2B40-43D1-8CC9-3EB3C5B7902E}.Debug|x86.ActiveCfg = Debug|Any CPU
		{6FBC87DC-2B40-43D1-8CC9-3EB3C5B7902E}.Debug|x86.Build.0 = Debug|Any CPU
		{6FBC87DC-2B40-43D1-8CC9-3EB3C5B7902E}.Release|Any CPU.ActiveCfg = Release|Any CPU
		{6FBC87DC-2B40-43D1-8CC9-3EB3C5B7902E}.Release|Any CPU.Build.0 = Release|Any CPU
		{6FBC87DC-2B40-43D1-8CC9-3EB3C5B7902E}.Release|Mixed Platforms.ActiveCfg = Release|Any CPU
		{6FBC87DC-2B40-43D1-8CC9-3EB3C5B7902E}.Release|Mixed Platforms.Build.0 = Release|Any CPU
		{6FBC87DC-2B40-43D1-8CC9-3EB3C5B7902E}.Release|x86.ActiveCfg = Release|Any CPU
		{6FBC87DC-2B40-43D1-8CC9-3EB3C5B7902E}.Release|x86.Build.0 = Release|Any CPU
		{C6E9777B-E2D3-4EB2-B8A6-9B4187890F97}.Debug|Any CPU.ActiveCfg = Debug|Any CPU
		{C6E9777B-E2D3-4EB2-B8A6-9B4187890F97}.Debug|Any CPU.Build.0 = Debug|Any CPU
		{C6E9777B-E2D3-4EB2-B8A6-9B4187890F97}.Debug|Mixed Platforms.ActiveCfg = Debug|Any CPU
		{C6E9777B-E2D3-4EB2-B8A6-9B4187890F97}.Debug|Mixed Platforms.Build.0 = Debug|Any CPU
		{C6E9777B-E2D3-4EB2-B8A6-9B4187890F97}.Debug|x86.ActiveCfg = Debug|Any CPU
		{C6E9777B-E2D3-4EB2-B8A6-9B4187890F97}.Debug|x86.Build.0 = Debug|Any CPU
		{C6E9777B-E2D3-4EB2-B8A6-9B4187890F97}.Release|Any CPU.ActiveCfg = Release|Any CPU
		{C6E9777B-E2D3-4EB2-B8A6-9B4187890F97}.Release|Any CPU.Build.0 = Release|Any CPU
		{C6E9777B-E2D3-4EB2-B8A6-9B4187890F97}.Release|Mixed Platforms.ActiveCfg = Release|Any CPU
		{C6E9777B-E2D3-4EB2-B8A6-9B4187890F97}.Release|Mixed Platforms.Build.0 = Release|Any CPU
		{C6E9777B-E2D3-4EB2-B8A6-9B4187890F97}.Release|x86.ActiveCfg = Release|Any CPU
		{C6E9777B-E2D3-4EB2-B8A6-9B4187890F97}.Release|x86.Build.0 = Release|Any CPU
		{7A2A3DCF-26CA-436F-AB3B-FEC4E409713E}.Debug|Any CPU.ActiveCfg = Debug|Any CPU
		{7A2A3DCF-26CA-436F-AB3B-FEC4E409713E}.Debug|Any CPU.Build.0 = Debug|Any CPU
		{7A2A3DCF-26CA-436F-AB3B-FEC4E409713E}.Debug|Mixed Platforms.ActiveCfg = Debug|Any CPU
		{7A2A3DCF-26CA-436F-AB3B-FEC4E409713E}.Debug|Mixed Platforms.Build.0 = Debug|Any CPU
		{7A2A3DCF-26CA-436F-AB3B-FEC4E409713E}.Debug|x86.ActiveCfg = Debug|Any CPU
		{7A2A3DCF-26CA-436F-AB3B-FEC4E409713E}.Debug|x86.Build.0 = Debug|Any CPU
		{7A2A3DCF-26CA-436F-AB3B-FEC4E409713E}.Release|Any CPU.ActiveCfg = Release|Any CPU
		{7A2A3DCF-26CA-436F-AB3B-FEC4E409713E}.Release|Any CPU.Build.0 = Release|Any CPU
		{7A2A3DCF-26CA-436F-AB3B-FEC4E409713E}.Release|Mixed Platforms.ActiveCfg = Release|Any CPU
		{7A2A3DCF-26CA-436F-AB3B-FEC4E409713E}.Release|Mixed Platforms.Build.0 = Release|Any CPU
		{7A2A3DCF-26CA-436F-AB3B-FEC4E409713E}.Release|x86.ActiveCfg = Release|Any CPU
		{7A2A3DCF-26CA-436F-AB3B-FEC4E409713E}.Release|x86.Build.0 = Release|Any CPU
		{75031341-FB75-427A-8A2A-619FE602BBB0}.Debug|Any CPU.ActiveCfg = Debug|Any CPU
		{75031341-FB75-427A-8A2A-619FE602BBB0}.Debug|Any CPU.Build.0 = Debug|Any CPU
		{75031341-FB75-427A-8A2A-619FE602BBB0}.Debug|Mixed Platforms.ActiveCfg = Debug|Any CPU
		{75031341-FB75-427A-8A2A-619FE602BBB0}.Debug|Mixed Platforms.Build.0 = Debug|Any CPU
		{75031341-FB75-427A-8A2A-619FE602BBB0}.Debug|x86.ActiveCfg = Debug|Any CPU
		{75031341-FB75-427A-8A2A-619FE602BBB0}.Debug|x86.Build.0 = Debug|Any CPU
		{75031341-FB75-427A-8A2A-619FE602BBB0}.Release|Any CPU.ActiveCfg = Release|Any CPU
		{75031341-FB75-427A-8A2A-619FE602BBB0}.Release|Any CPU.Build.0 = Release|Any CPU
		{75031341-FB75-427A-8A2A-619FE602BBB0}.Release|Mixed Platforms.ActiveCfg = Release|Any CPU
		{75031341-FB75-427A-8A2A-619FE602BBB0}.Release|Mixed Platforms.Build.0 = Release|Any CPU
		{75031341-FB75-427A-8A2A-619FE602BBB0}.Release|x86.ActiveCfg = Release|Any CPU
		{75031341-FB75-427A-8A2A-619FE602BBB0}.Release|x86.Build.0 = Release|Any CPU
		{C6A15E8C-CFB7-4FF7-ADA1-958DC6596B61}.Debug|Any CPU.ActiveCfg = Debug|Any CPU
		{C6A15E8C-CFB7-4FF7-ADA1-958DC6596B61}.Debug|Any CPU.Build.0 = Debug|Any CPU
		{C6A15E8C-CFB7-4FF7-ADA1-958DC6596B61}.Debug|Mixed Platforms.ActiveCfg = Debug|Any CPU
		{C6A15E8C-CFB7-4FF7-ADA1-958DC6596B61}.Debug|Mixed Platforms.Build.0 = Debug|Any CPU
		{C6A15E8C-CFB7-4FF7-ADA1-958DC6596B61}.Debug|x86.ActiveCfg = Debug|Any CPU
		{C6A15E8C-CFB7-4FF7-ADA1-958DC6596B61}.Debug|x86.Build.0 = Debug|Any CPU
		{C6A15E8C-CFB7-4FF7-ADA1-958DC6596B61}.Release|Any CPU.ActiveCfg = Release|Any CPU
		{C6A15E8C-CFB7-4FF7-ADA1-958DC6596B61}.Release|Any CPU.Build.0 = Release|Any CPU
		{C6A15E8C-CFB7-4FF7-ADA1-958DC6596B61}.Release|Mixed Platforms.ActiveCfg = Release|Any CPU
		{C6A15E8C-CFB7-4FF7-ADA1-958DC6596B61}.Release|Mixed Platforms.Build.0 = Release|Any CPU
		{C6A15E8C-CFB7-4FF7-ADA1-958DC6596B61}.Release|x86.ActiveCfg = Release|Any CPU
		{C6A15E8C-CFB7-4FF7-ADA1-958DC6596B61}.Release|x86.Build.0 = Release|Any CPU
		{63D35A3C-7EF9-46D4-8832-4FED38E77A27}.Debug|Any CPU.ActiveCfg = Debug|Any CPU
		{63D35A3C-7EF9-46D4-8832-4FED38E77A27}.Debug|Any CPU.Build.0 = Debug|Any CPU
		{63D35A3C-7EF9-46D4-8832-4FED38E77A27}.Debug|Mixed Platforms.ActiveCfg = Debug|Any CPU
		{63D35A3C-7EF9-46D4-8832-4FED38E77A27}.Debug|Mixed Platforms.Build.0 = Debug|Any CPU
		{63D35A3C-7EF9-46D4-8832-4FED38E77A27}.Debug|x86.ActiveCfg = Debug|Any CPU
		{63D35A3C-7EF9-46D4-8832-4FED38E77A27}.Debug|x86.Build.0 = Debug|Any CPU
		{63D35A3C-7EF9-46D4-8832-4FED38E77A27}.Release|Any CPU.ActiveCfg = Release|Any CPU
		{63D35A3C-7EF9-46D4-8832-4FED38E77A27}.Release|Any CPU.Build.0 = Release|Any CPU
		{63D35A3C-7EF9-46D4-8832-4FED38E77A27}.Release|Mixed Platforms.ActiveCfg = Release|Any CPU
		{63D35A3C-7EF9-46D4-8832-4FED38E77A27}.Release|Mixed Platforms.Build.0 = Release|Any CPU
		{63D35A3C-7EF9-46D4-8832-4FED38E77A27}.Release|x86.ActiveCfg = Release|Any CPU
		{63D35A3C-7EF9-46D4-8832-4FED38E77A27}.Release|x86.Build.0 = Release|Any CPU
		{54807321-E3FA-4212-B50B-11342D286B62}.Debug|Any CPU.ActiveCfg = Debug|Any CPU
		{54807321-E3FA-4212-B50B-11342D286B62}.Debug|Any CPU.Build.0 = Debug|Any CPU
		{54807321-E3FA-4212-B50B-11342D286B62}.Debug|Mixed Platforms.ActiveCfg = Debug|Any CPU
		{54807321-E3FA-4212-B50B-11342D286B62}.Debug|Mixed Platforms.Build.0 = Debug|Any CPU
		{54807321-E3FA-4212-B50B-11342D286B62}.Debug|x86.ActiveCfg = Debug|Any CPU
		{54807321-E3FA-4212-B50B-11342D286B62}.Debug|x86.Build.0 = Debug|Any CPU
		{54807321-E3FA-4212-B50B-11342D286B62}.Release|Any CPU.ActiveCfg = Release|Any CPU
		{54807321-E3FA-4212-B50B-11342D286B62}.Release|Any CPU.Build.0 = Release|Any CPU
		{54807321-E3FA-4212-B50B-11342D286B62}.Release|Mixed Platforms.ActiveCfg = Release|Any CPU
		{54807321-E3FA-4212-B50B-11342D286B62}.Release|Mixed Platforms.Build.0 = Release|Any CPU
		{54807321-E3FA-4212-B50B-11342D286B62}.Release|x86.ActiveCfg = Release|Any CPU
		{54807321-E3FA-4212-B50B-11342D286B62}.Release|x86.Build.0 = Release|Any CPU
		{E2602054-3792-452F-940E-4FF196CADB44}.Debug|Any CPU.ActiveCfg = Debug|Any CPU
		{E2602054-3792-452F-940E-4FF196CADB44}.Debug|Any CPU.Build.0 = Debug|Any CPU
		{E2602054-3792-452F-940E-4FF196CADB44}.Debug|Mixed Platforms.ActiveCfg = Debug|Any CPU
		{E2602054-3792-452F-940E-4FF196CADB44}.Debug|Mixed Platforms.Build.0 = Debug|Any CPU
		{E2602054-3792-452F-940E-4FF196CADB44}.Debug|x86.ActiveCfg = Debug|Any CPU
		{E2602054-3792-452F-940E-4FF196CADB44}.Debug|x86.Build.0 = Debug|Any CPU
		{E2602054-3792-452F-940E-4FF196CADB44}.Release|Any CPU.ActiveCfg = Release|Any CPU
		{E2602054-3792-452F-940E-4FF196CADB44}.Release|Any CPU.Build.0 = Release|Any CPU
		{E2602054-3792-452F-940E-4FF196CADB44}.Release|Mixed Platforms.ActiveCfg = Release|Any CPU
		{E2602054-3792-452F-940E-4FF196CADB44}.Release|Mixed Platforms.Build.0 = Release|Any CPU
		{E2602054-3792-452F-940E-4FF196CADB44}.Release|x86.ActiveCfg = Release|Any CPU
		{E2602054-3792-452F-940E-4FF196CADB44}.Release|x86.Build.0 = Release|Any CPU
		{334C1B4D-5B78-4824-9D17-46E12DE9188B}.Debug|Any CPU.ActiveCfg = Debug|Any CPU
		{334C1B4D-5B78-4824-9D17-46E12DE9188B}.Debug|Any CPU.Build.0 = Debug|Any CPU
		{334C1B4D-5B78-4824-9D17-46E12DE9188B}.Debug|Mixed Platforms.ActiveCfg = Debug|Any CPU
		{334C1B4D-5B78-4824-9D17-46E12DE9188B}.Debug|Mixed Platforms.Build.0 = Debug|Any CPU
		{334C1B4D-5B78-4824-9D17-46E12DE9188B}.Debug|x86.ActiveCfg = Debug|Any CPU
		{334C1B4D-5B78-4824-9D17-46E12DE9188B}.Debug|x86.Build.0 = Debug|Any CPU
		{334C1B4D-5B78-4824-9D17-46E12DE9188B}.Release|Any CPU.ActiveCfg = Release|Any CPU
		{334C1B4D-5B78-4824-9D17-46E12DE9188B}.Release|Any CPU.Build.0 = Release|Any CPU
		{334C1B4D-5B78-4824-9D17-46E12DE9188B}.Release|Mixed Platforms.ActiveCfg = Release|Any CPU
		{334C1B4D-5B78-4824-9D17-46E12DE9188B}.Release|Mixed Platforms.Build.0 = Release|Any CPU
		{334C1B4D-5B78-4824-9D17-46E12DE9188B}.Release|x86.ActiveCfg = Release|Any CPU
		{334C1B4D-5B78-4824-9D17-46E12DE9188B}.Release|x86.Build.0 = Release|Any CPU
		{18887E96-A678-432C-B5FF-548C8AF88260}.Debug|Any CPU.ActiveCfg = Debug|Any CPU
		{18887E96-A678-432C-B5FF-548C8AF88260}.Debug|Any CPU.Build.0 = Debug|Any CPU
		{18887E96-A678-432C-B5FF-548C8AF88260}.Debug|Mixed Platforms.ActiveCfg = Debug|Any CPU
		{18887E96-A678-432C-B5FF-548C8AF88260}.Debug|Mixed Platforms.Build.0 = Debug|Any CPU
		{18887E96-A678-432C-B5FF-548C8AF88260}.Debug|x86.ActiveCfg = Debug|Any CPU
		{18887E96-A678-432C-B5FF-548C8AF88260}.Debug|x86.Build.0 = Debug|Any CPU
		{18887E96-A678-432C-B5FF-548C8AF88260}.Release|Any CPU.ActiveCfg = Release|Any CPU
		{18887E96-A678-432C-B5FF-548C8AF88260}.Release|Any CPU.Build.0 = Release|Any CPU
		{18887E96-A678-432C-B5FF-548C8AF88260}.Release|Mixed Platforms.ActiveCfg = Release|Any CPU
		{18887E96-A678-432C-B5FF-548C8AF88260}.Release|Mixed Platforms.Build.0 = Release|Any CPU
		{18887E96-A678-432C-B5FF-548C8AF88260}.Release|x86.ActiveCfg = Release|Any CPU
		{18887E96-A678-432C-B5FF-548C8AF88260}.Release|x86.Build.0 = Release|Any CPU
		{30A61C67-B0DC-4395-9C16-17B82AC3C1AB}.Debug|Any CPU.ActiveCfg = Debug|Any CPU
		{30A61C67-B0DC-4395-9C16-17B82AC3C1AB}.Debug|Any CPU.Build.0 = Debug|Any CPU
		{30A61C67-B0DC-4395-9C16-17B82AC3C1AB}.Debug|Mixed Platforms.ActiveCfg = Debug|Any CPU
		{30A61C67-B0DC-4395-9C16-17B82AC3C1AB}.Debug|Mixed Platforms.Build.0 = Debug|Any CPU
		{30A61C67-B0DC-4395-9C16-17B82AC3C1AB}.Debug|x86.ActiveCfg = Debug|Any CPU
		{30A61C67-B0DC-4395-9C16-17B82AC3C1AB}.Debug|x86.Build.0 = Debug|Any CPU
		{30A61C67-B0DC-4395-9C16-17B82AC3C1AB}.Release|Any CPU.ActiveCfg = Release|Any CPU
		{30A61C67-B0DC-4395-9C16-17B82AC3C1AB}.Release|Any CPU.Build.0 = Release|Any CPU
		{30A61C67-B0DC-4395-9C16-17B82AC3C1AB}.Release|Mixed Platforms.ActiveCfg = Release|Any CPU
		{30A61C67-B0DC-4395-9C16-17B82AC3C1AB}.Release|Mixed Platforms.Build.0 = Release|Any CPU
		{30A61C67-B0DC-4395-9C16-17B82AC3C1AB}.Release|x86.ActiveCfg = Release|Any CPU
		{30A61C67-B0DC-4395-9C16-17B82AC3C1AB}.Release|x86.Build.0 = Release|Any CPU
		{41CC844B-BBE0-4A9D-A71C-BF11C9AF1A2C}.Debug|Any CPU.ActiveCfg = Debug|Any CPU
		{41CC844B-BBE0-4A9D-A71C-BF11C9AF1A2C}.Debug|Any CPU.Build.0 = Debug|Any CPU
		{41CC844B-BBE0-4A9D-A71C-BF11C9AF1A2C}.Debug|Mixed Platforms.ActiveCfg = Debug|Any CPU
		{41CC844B-BBE0-4A9D-A71C-BF11C9AF1A2C}.Debug|Mixed Platforms.Build.0 = Debug|Any CPU
		{41CC844B-BBE0-4A9D-A71C-BF11C9AF1A2C}.Debug|x86.ActiveCfg = Debug|Any CPU
		{41CC844B-BBE0-4A9D-A71C-BF11C9AF1A2C}.Debug|x86.Build.0 = Debug|Any CPU
		{41CC844B-BBE0-4A9D-A71C-BF11C9AF1A2C}.Release|Any CPU.ActiveCfg = Release|Any CPU
		{41CC844B-BBE0-4A9D-A71C-BF11C9AF1A2C}.Release|Any CPU.Build.0 = Release|Any CPU
		{41CC844B-BBE0-4A9D-A71C-BF11C9AF1A2C}.Release|Mixed Platforms.ActiveCfg = Release|Any CPU
		{41CC844B-BBE0-4A9D-A71C-BF11C9AF1A2C}.Release|Mixed Platforms.Build.0 = Release|Any CPU
		{41CC844B-BBE0-4A9D-A71C-BF11C9AF1A2C}.Release|x86.ActiveCfg = Release|Any CPU
		{41CC844B-BBE0-4A9D-A71C-BF11C9AF1A2C}.Release|x86.Build.0 = Release|Any CPU
		{472E59EE-2C30-4992-A915-37B996264AB7}.Debug|Any CPU.ActiveCfg = Debug|Any CPU
		{472E59EE-2C30-4992-A915-37B996264AB7}.Debug|Any CPU.Build.0 = Debug|Any CPU
		{472E59EE-2C30-4992-A915-37B996264AB7}.Debug|Mixed Platforms.ActiveCfg = Debug|Any CPU
		{472E59EE-2C30-4992-A915-37B996264AB7}.Debug|Mixed Platforms.Build.0 = Debug|Any CPU
		{472E59EE-2C30-4992-A915-37B996264AB7}.Debug|x86.ActiveCfg = Debug|Any CPU
		{472E59EE-2C30-4992-A915-37B996264AB7}.Debug|x86.Build.0 = Debug|Any CPU
		{472E59EE-2C30-4992-A915-37B996264AB7}.Release|Any CPU.ActiveCfg = Release|Any CPU
		{472E59EE-2C30-4992-A915-37B996264AB7}.Release|Any CPU.Build.0 = Release|Any CPU
		{472E59EE-2C30-4992-A915-37B996264AB7}.Release|Mixed Platforms.ActiveCfg = Release|Any CPU
		{472E59EE-2C30-4992-A915-37B996264AB7}.Release|Mixed Platforms.Build.0 = Release|Any CPU
		{472E59EE-2C30-4992-A915-37B996264AB7}.Release|x86.ActiveCfg = Release|Any CPU
		{472E59EE-2C30-4992-A915-37B996264AB7}.Release|x86.Build.0 = Release|Any CPU
		{6A61F757-D540-4D31-9D2A-BF3C51A5B0EC}.Debug|Any CPU.ActiveCfg = Debug|Any CPU
		{6A61F757-D540-4D31-9D2A-BF3C51A5B0EC}.Debug|Any CPU.Build.0 = Debug|Any CPU
		{6A61F757-D540-4D31-9D2A-BF3C51A5B0EC}.Debug|Mixed Platforms.ActiveCfg = Debug|Any CPU
		{6A61F757-D540-4D31-9D2A-BF3C51A5B0EC}.Debug|Mixed Platforms.Build.0 = Debug|Any CPU
		{6A61F757-D540-4D31-9D2A-BF3C51A5B0EC}.Debug|x86.ActiveCfg = Debug|Any CPU
		{6A61F757-D540-4D31-9D2A-BF3C51A5B0EC}.Debug|x86.Build.0 = Debug|Any CPU
		{6A61F757-D540-4D31-9D2A-BF3C51A5B0EC}.Release|Any CPU.ActiveCfg = Release|Any CPU
		{6A61F757-D540-4D31-9D2A-BF3C51A5B0EC}.Release|Any CPU.Build.0 = Release|Any CPU
		{6A61F757-D540-4D31-9D2A-BF3C51A5B0EC}.Release|Mixed Platforms.ActiveCfg = Release|Any CPU
		{6A61F757-D540-4D31-9D2A-BF3C51A5B0EC}.Release|Mixed Platforms.Build.0 = Release|Any CPU
		{6A61F757-D540-4D31-9D2A-BF3C51A5B0EC}.Release|x86.ActiveCfg = Release|Any CPU
		{6A61F757-D540-4D31-9D2A-BF3C51A5B0EC}.Release|x86.Build.0 = Release|Any CPU
		{2AB4CB22-831E-4A0D-90C0-11D7FA522E7A}.Debug|Any CPU.ActiveCfg = Debug|Any CPU
		{2AB4CB22-831E-4A0D-90C0-11D7FA522E7A}.Debug|Any CPU.Build.0 = Debug|Any CPU
		{2AB4CB22-831E-4A0D-90C0-11D7FA522E7A}.Debug|Mixed Platforms.ActiveCfg = Debug|Any CPU
		{2AB4CB22-831E-4A0D-90C0-11D7FA522E7A}.Debug|Mixed Platforms.Build.0 = Debug|Any CPU
		{2AB4CB22-831E-4A0D-90C0-11D7FA522E7A}.Debug|x86.ActiveCfg = Debug|Any CPU
		{2AB4CB22-831E-4A0D-90C0-11D7FA522E7A}.Debug|x86.Build.0 = Debug|Any CPU
		{2AB4CB22-831E-4A0D-90C0-11D7FA522E7A}.Release|Any CPU.ActiveCfg = Release|Any CPU
		{2AB4CB22-831E-4A0D-90C0-11D7FA522E7A}.Release|Any CPU.Build.0 = Release|Any CPU
		{2AB4CB22-831E-4A0D-90C0-11D7FA522E7A}.Release|Mixed Platforms.ActiveCfg = Release|Any CPU
		{2AB4CB22-831E-4A0D-90C0-11D7FA522E7A}.Release|Mixed Platforms.Build.0 = Release|Any CPU
		{2AB4CB22-831E-4A0D-90C0-11D7FA522E7A}.Release|x86.ActiveCfg = Release|Any CPU
		{2AB4CB22-831E-4A0D-90C0-11D7FA522E7A}.Release|x86.Build.0 = Release|Any CPU
		{07B67A42-7409-4A01-9B8B-E75410CED71C}.Debug|Any CPU.ActiveCfg = Debug|Any CPU
		{07B67A42-7409-4A01-9B8B-E75410CED71C}.Debug|Any CPU.Build.0 = Debug|Any CPU
		{07B67A42-7409-4A01-9B8B-E75410CED71C}.Debug|Mixed Platforms.ActiveCfg = Debug|Any CPU
		{07B67A42-7409-4A01-9B8B-E75410CED71C}.Debug|Mixed Platforms.Build.0 = Debug|Any CPU
		{07B67A42-7409-4A01-9B8B-E75410CED71C}.Debug|x86.ActiveCfg = Debug|Any CPU
		{07B67A42-7409-4A01-9B8B-E75410CED71C}.Debug|x86.Build.0 = Debug|Any CPU
		{07B67A42-7409-4A01-9B8B-E75410CED71C}.Release|Any CPU.ActiveCfg = Release|Any CPU
		{07B67A42-7409-4A01-9B8B-E75410CED71C}.Release|Any CPU.Build.0 = Release|Any CPU
		{07B67A42-7409-4A01-9B8B-E75410CED71C}.Release|Mixed Platforms.ActiveCfg = Release|Any CPU
		{07B67A42-7409-4A01-9B8B-E75410CED71C}.Release|Mixed Platforms.Build.0 = Release|Any CPU
		{07B67A42-7409-4A01-9B8B-E75410CED71C}.Release|x86.ActiveCfg = Release|Any CPU
		{07B67A42-7409-4A01-9B8B-E75410CED71C}.Release|x86.Build.0 = Release|Any CPU
		{77BB6EC0-E606-4118-BE6A-B779618919B5}.Debug|Any CPU.ActiveCfg = Debug|Any CPU
		{77BB6EC0-E606-4118-BE6A-B779618919B5}.Debug|Any CPU.Build.0 = Debug|Any CPU
		{77BB6EC0-E606-4118-BE6A-B779618919B5}.Debug|Mixed Platforms.ActiveCfg = Debug|Any CPU
		{77BB6EC0-E606-4118-BE6A-B779618919B5}.Debug|Mixed Platforms.Build.0 = Debug|Any CPU
		{77BB6EC0-E606-4118-BE6A-B779618919B5}.Debug|x86.ActiveCfg = Debug|Any CPU
		{77BB6EC0-E606-4118-BE6A-B779618919B5}.Debug|x86.Build.0 = Debug|Any CPU
		{77BB6EC0-E606-4118-BE6A-B779618919B5}.Release|Any CPU.ActiveCfg = Release|Any CPU
		{77BB6EC0-E606-4118-BE6A-B779618919B5}.Release|Any CPU.Build.0 = Release|Any CPU
		{77BB6EC0-E606-4118-BE6A-B779618919B5}.Release|Mixed Platforms.ActiveCfg = Release|Any CPU
		{77BB6EC0-E606-4118-BE6A-B779618919B5}.Release|Mixed Platforms.Build.0 = Release|Any CPU
		{77BB6EC0-E606-4118-BE6A-B779618919B5}.Release|x86.ActiveCfg = Release|Any CPU
		{77BB6EC0-E606-4118-BE6A-B779618919B5}.Release|x86.Build.0 = Release|Any CPU
		{E6AF65B5-6009-4272-9E82-1D523F25B4C3}.Debug|Any CPU.ActiveCfg = Debug|Any CPU
		{E6AF65B5-6009-4272-9E82-1D523F25B4C3}.Debug|Any CPU.Build.0 = Debug|Any CPU
		{E6AF65B5-6009-4272-9E82-1D523F25B4C3}.Debug|Mixed Platforms.ActiveCfg = Debug|Any CPU
		{E6AF65B5-6009-4272-9E82-1D523F25B4C3}.Debug|Mixed Platforms.Build.0 = Debug|Any CPU
		{E6AF65B5-6009-4272-9E82-1D523F25B4C3}.Debug|x86.ActiveCfg = Debug|Any CPU
		{E6AF65B5-6009-4272-9E82-1D523F25B4C3}.Debug|x86.Build.0 = Debug|Any CPU
		{E6AF65B5-6009-4272-9E82-1D523F25B4C3}.Release|Any CPU.ActiveCfg = Release|Any CPU
		{E6AF65B5-6009-4272-9E82-1D523F25B4C3}.Release|Any CPU.Build.0 = Release|Any CPU
		{E6AF65B5-6009-4272-9E82-1D523F25B4C3}.Release|Mixed Platforms.ActiveCfg = Release|Any CPU
		{E6AF65B5-6009-4272-9E82-1D523F25B4C3}.Release|Mixed Platforms.Build.0 = Release|Any CPU
		{E6AF65B5-6009-4272-9E82-1D523F25B4C3}.Release|x86.ActiveCfg = Release|Any CPU
		{E6AF65B5-6009-4272-9E82-1D523F25B4C3}.Release|x86.Build.0 = Release|Any CPU
		{11C028BD-D3AA-4173-ADAD-E12D94EF1B46}.Debug|Any CPU.ActiveCfg = Debug|Any CPU
		{11C028BD-D3AA-4173-ADAD-E12D94EF1B46}.Debug|Any CPU.Build.0 = Debug|Any CPU
		{11C028BD-D3AA-4173-ADAD-E12D94EF1B46}.Debug|Mixed Platforms.ActiveCfg = Debug|Any CPU
		{11C028BD-D3AA-4173-ADAD-E12D94EF1B46}.Debug|Mixed Platforms.Build.0 = Debug|Any CPU
		{11C028BD-D3AA-4173-ADAD-E12D94EF1B46}.Debug|x86.ActiveCfg = Debug|Any CPU
		{11C028BD-D3AA-4173-ADAD-E12D94EF1B46}.Debug|x86.Build.0 = Debug|Any CPU
		{11C028BD-D3AA-4173-ADAD-E12D94EF1B46}.Release|Any CPU.ActiveCfg = Release|Any CPU
		{11C028BD-D3AA-4173-ADAD-E12D94EF1B46}.Release|Any CPU.Build.0 = Release|Any CPU
		{11C028BD-D3AA-4173-ADAD-E12D94EF1B46}.Release|Mixed Platforms.ActiveCfg = Release|Any CPU
		{11C028BD-D3AA-4173-ADAD-E12D94EF1B46}.Release|Mixed Platforms.Build.0 = Release|Any CPU
		{11C028BD-D3AA-4173-ADAD-E12D94EF1B46}.Release|x86.ActiveCfg = Release|Any CPU
		{11C028BD-D3AA-4173-ADAD-E12D94EF1B46}.Release|x86.Build.0 = Release|Any CPU
		{AD473A4A-0FA1-47E5-A6B2-E212726E2062}.Debug|Any CPU.ActiveCfg = Debug|Any CPU
		{AD473A4A-0FA1-47E5-A6B2-E212726E2062}.Debug|Any CPU.Build.0 = Debug|Any CPU
		{AD473A4A-0FA1-47E5-A6B2-E212726E2062}.Debug|Mixed Platforms.ActiveCfg = Debug|Any CPU
		{AD473A4A-0FA1-47E5-A6B2-E212726E2062}.Debug|Mixed Platforms.Build.0 = Debug|Any CPU
		{AD473A4A-0FA1-47E5-A6B2-E212726E2062}.Debug|x86.ActiveCfg = Debug|Any CPU
		{AD473A4A-0FA1-47E5-A6B2-E212726E2062}.Debug|x86.Build.0 = Debug|Any CPU
		{AD473A4A-0FA1-47E5-A6B2-E212726E2062}.Release|Any CPU.ActiveCfg = Release|Any CPU
		{AD473A4A-0FA1-47E5-A6B2-E212726E2062}.Release|Any CPU.Build.0 = Release|Any CPU
		{AD473A4A-0FA1-47E5-A6B2-E212726E2062}.Release|Mixed Platforms.ActiveCfg = Release|Any CPU
		{AD473A4A-0FA1-47E5-A6B2-E212726E2062}.Release|Mixed Platforms.Build.0 = Release|Any CPU
		{AD473A4A-0FA1-47E5-A6B2-E212726E2062}.Release|x86.ActiveCfg = Release|Any CPU
		{AD473A4A-0FA1-47E5-A6B2-E212726E2062}.Release|x86.Build.0 = Release|Any CPU
		{69B214C6-828D-4997-9979-873D797A645D}.Debug|Any CPU.ActiveCfg = Debug|Any CPU
		{69B214C6-828D-4997-9979-873D797A645D}.Debug|Any CPU.Build.0 = Debug|Any CPU
		{69B214C6-828D-4997-9979-873D797A645D}.Debug|Mixed Platforms.ActiveCfg = Debug|Any CPU
		{69B214C6-828D-4997-9979-873D797A645D}.Debug|Mixed Platforms.Build.0 = Debug|Any CPU
		{69B214C6-828D-4997-9979-873D797A645D}.Debug|x86.ActiveCfg = Debug|Any CPU
		{69B214C6-828D-4997-9979-873D797A645D}.Debug|x86.Build.0 = Debug|Any CPU
		{69B214C6-828D-4997-9979-873D797A645D}.Release|Any CPU.ActiveCfg = Release|Any CPU
		{69B214C6-828D-4997-9979-873D797A645D}.Release|Any CPU.Build.0 = Release|Any CPU
		{69B214C6-828D-4997-9979-873D797A645D}.Release|Mixed Platforms.ActiveCfg = Release|Any CPU
		{69B214C6-828D-4997-9979-873D797A645D}.Release|Mixed Platforms.Build.0 = Release|Any CPU
		{69B214C6-828D-4997-9979-873D797A645D}.Release|x86.ActiveCfg = Release|Any CPU
		{69B214C6-828D-4997-9979-873D797A645D}.Release|x86.Build.0 = Release|Any CPU
	EndGlobalSection
	GlobalSection(SolutionProperties) = preSolution
		HideSolutionNode = FALSE
	EndGlobalSection
	GlobalSection(NestedProjects) = preSolution
		{4F1F649C-1020-45BE-A487-F416D9297FF3} = {B09156FB-8291-46A2-AF37-67CE97CFB5A6}
		{6BDA8332-939F-45B7-A25E-7A797260AE59} = {E4ACA93B-D3DE-4557-B069-F1DB42925A4B}
		{CCD7F2C9-6A2C-4CF0-8E89-076B8FC0F144} = {E4ACA93B-D3DE-4557-B069-F1DB42925A4B}
		{210541AD-F659-47DA-8763-16F36C5CD2F4} = {E4ACA93B-D3DE-4557-B069-F1DB42925A4B}
		{75FD4163-333C-4DD5-854D-2EF294E45D94} = {B09156FB-8291-46A2-AF37-67CE97CFB5A6}
		{FD31C133-B4DE-4BB2-B327-1D0E2F2C95D4} = {E8FC6874-E230-468A-9685-4747354B92FF}
		{659B6BD9-22AB-41D7-B8B3-A90BFE0CDB74} = {7881B112-7843-4542-B1F7-F99553FB9BB7}
		{5AB9B413-0134-491F-A680-B777E0F02319} = {7881B112-7843-4542-B1F7-F99553FB9BB7}
		{30D8000E-AE82-4E56-B7C0-BD98E891EFDF} = {7881B112-7843-4542-B1F7-F99553FB9BB7}
		{0C380CEF-5B69-4DC8-87D0-08E28E2CA71B} = {7881B112-7843-4542-B1F7-F99553FB9BB7}
		{4CBF7F9F-C8AD-44E7-A10C-F8665AB8F6E7} = {7881B112-7843-4542-B1F7-F99553FB9BB7}
		{DAA38EBD-5D49-4FDE-8F0E-1506C6CF63F2} = {7881B112-7843-4542-B1F7-F99553FB9BB7}
		{A36B2B13-8438-421E-85CE-1777E1CC7444} = {7881B112-7843-4542-B1F7-F99553FB9BB7}
		{0086FFF0-B32E-4306-9BA3-26264300BE33} = {7881B112-7843-4542-B1F7-F99553FB9BB7}
		{6FBC87DC-2B40-43D1-8CC9-3EB3C5B7902E} = {7881B112-7843-4542-B1F7-F99553FB9BB7}
		{C6E9777B-E2D3-4EB2-B8A6-9B4187890F97} = {7881B112-7843-4542-B1F7-F99553FB9BB7}
		{7A2A3DCF-26CA-436F-AB3B-FEC4E409713E} = {7881B112-7843-4542-B1F7-F99553FB9BB7}
		{75031341-FB75-427A-8A2A-619FE602BBB0} = {7881B112-7843-4542-B1F7-F99553FB9BB7}
		{C6A15E8C-CFB7-4FF7-ADA1-958DC6596B61} = {7881B112-7843-4542-B1F7-F99553FB9BB7}
		{63D35A3C-7EF9-46D4-8832-4FED38E77A27} = {7881B112-7843-4542-B1F7-F99553FB9BB7}
		{54807321-E3FA-4212-B50B-11342D286B62} = {7881B112-7843-4542-B1F7-F99553FB9BB7}
		{E2602054-3792-452F-940E-4FF196CADB44} = {7881B112-7843-4542-B1F7-F99553FB9BB7}
		{334C1B4D-5B78-4824-9D17-46E12DE9188B} = {7881B112-7843-4542-B1F7-F99553FB9BB7}
		{18887E96-A678-432C-B5FF-548C8AF88260} = {7881B112-7843-4542-B1F7-F99553FB9BB7}
		{30A61C67-B0DC-4395-9C16-17B82AC3C1AB} = {7881B112-7843-4542-B1F7-F99553FB9BB7}
		{41CC844B-BBE0-4A9D-A71C-BF11C9AF1A2C} = {7881B112-7843-4542-B1F7-F99553FB9BB7}
		{472E59EE-2C30-4992-A915-37B996264AB7} = {7881B112-7843-4542-B1F7-F99553FB9BB7}
		{6A61F757-D540-4D31-9D2A-BF3C51A5B0EC} = {7881B112-7843-4542-B1F7-F99553FB9BB7}
		{2AB4CB22-831E-4A0D-90C0-11D7FA522E7A} = {7881B112-7843-4542-B1F7-F99553FB9BB7}
		{07B67A42-7409-4A01-9B8B-E75410CED71C} = {7881B112-7843-4542-B1F7-F99553FB9BB7}
		{77BB6EC0-E606-4118-BE6A-B779618919B5} = {7881B112-7843-4542-B1F7-F99553FB9BB7}
		{E6AF65B5-6009-4272-9E82-1D523F25B4C3} = {7881B112-7843-4542-B1F7-F99553FB9BB7}
		{11C028BD-D3AA-4173-ADAD-E12D94EF1B46} = {7881B112-7843-4542-B1F7-F99553FB9BB7}
		{AD473A4A-0FA1-47E5-A6B2-E212726E2062} = {7881B112-7843-4542-B1F7-F99553FB9BB7}
		{69B214C6-828D-4997-9979-873D797A645D} = {7881B112-7843-4542-B1F7-F99553FB9BB7}
	EndGlobalSection
	GlobalSection(ExtensibilityGlobals) = postSolution
		SolutionGuid = {EE72A8B2-332A-4175-9319-6726D36E9D25}
	EndGlobalSection
	GlobalSection(NDepend) = preSolution
		Project = ".\NopCommerce.ndproj"
	EndGlobalSection
EndGlobal
